# This file is autogenerated, do not edit; changes may be undone by the next 'dep ensure'.


[[projects]]
  name = "github.com/DataDog/datadog-go"
  packages = ["statsd"]
  revision = "0ddda6bee21174ef6c4873647cb0d6ec9cba996f"
  version = "1.1.0"

[[projects]]
  branch = "master"
  name = "github.com/armon/go-proxyproto"
  packages = ["."]
  revision = "48572f11356f1843b694f21a290d4f1006bc5e47"

[[projects]]
  name = "github.com/davecgh/go-spew"
  packages = ["spew"]
  revision = "346938d642f2ec3594ed81d874461961cd0faa76"
  version = "v1.1.0"

[[projects]]
  name = "github.com/elazarl/goproxy"
  packages = [
    ".",
    "transport"
  ]
  revision = "7d72f050809adb6424b4f729619fa290eeb5f253"
  source = "git@github.com:stripe/goproxy.git"

[[projects]]
  name = "github.com/pmezard/go-difflib"
  packages = ["difflib"]
  revision = "792786c7400a136282c1664665ae0a8db921c6c2"
  version = "v1.0.0"

[[projects]]
  name = "github.com/stretchr/testify"
  packages = ["assert"]
  revision = "f35b8ab0b5a2cef36673838d662e249dd9c94686"
  version = "v1.2.2"

[[projects]]
  branch = "master"
  name = "github.com/stripe/go-einhorn"
  packages = ["einhorn"]
  revision = "79db5cd84b4be2b4c3b4d9e23f9bb8cfb3e9d6da"

[[projects]]
  name = "gopkg.in/urfave/cli.v1"
  packages = ["."]
  revision = "cfb38830724cc34fedffe9a2a29fb54fa9169cd1"
  version = "v1.20.0"

[[projects]]
  name = "gopkg.in/yaml.v2"
  packages = ["."]
  revision = "5420a8b6744d3b0345ab293f6fcba19c978f1183"
  version = "v2.2.1"

[solve-meta]
  analyzer-name = "dep"
  analyzer-version = 1
  inputs-digest = "d18072917721e401d16a09486ce0ca5a71fd50de5134026d87022ec63045cdcb"
  solver-name = "gps-cdcl"
  solver-version = 1
