# This file is autogenerated, do not edit; changes may be undone by the next 'dep ensure'.


[[projects]]
  name = "github.com/DataDog/datadog-go"
  packages = ["statsd"]
  revision = "0ddda6bee21174ef6c4873647cb0d6ec9cba996f"
  version = "1.1.0"

[[projects]]
  branch = "master"
  name = "github.com/armon/go-proxyproto"
  packages = ["."]
  revision = "48572f11356f1843b694f21a290d4f1006bc5e47"

[[projects]]
  name = "github.com/elazarl/goproxy"
  packages = [".","transport"]
  revision = "0890fc15d1b6428a674b8252a2d238ca589daf73"

[[projects]]
  branch = "master"
  name = "github.com/stripe/go-einhorn"
  packages = ["einhorn"]
  revision = "79db5cd84b4be2b4c3b4d9e23f9bb8cfb3e9d6da"

[[projects]]
  branch = "v2"
  name = "gopkg.in/yaml.v2"
  packages = ["."]
  revision = "eb3733d160e74a9c7e442f435eb3bea458e1d19f"

[solve-meta]
  analyzer-name = "dep"
  analyzer-version = 1
  inputs-digest = "89b7f2a958e9bbffce5537fcaf79e906bd76973e58149e337414998b4cd0375c"
  solver-name = "gps-cdcl"
  solver-version = 1
